// !$*UTF8*$!
{
	archiveVersion = 1;
	classes = {
	};
	objectVersion = 50;
	objects = {

/* Begin PBXBuildFile section */
		0F266D48207DC55800195DE5 /* AppDelegate.swift in Sources */ = {isa = PBXBuildFile; fileRef = 0F266D47207DC55800195DE5 /* AppDelegate.swift */; };
		0F266D4A207DC55800195DE5 /* ViewController.swift in Sources */ = {isa = PBXBuildFile; fileRef = 0F266D49207DC55800195DE5 /* ViewController.swift */; };
		0F266D4D207DC55800195DE5 /* Main.storyboard in Resources */ = {isa = PBXBuildFile; fileRef = 0F266D4B207DC55800195DE5 /* Main.storyboard */; };
		0F266D4F207DC55900195DE5 /* Assets.xcassets in Resources */ = {isa = PBXBuildFile; fileRef = 0F266D4E207DC55900195DE5 /* Assets.xcassets */; };
		0F266D52207DC55900195DE5 /* LaunchScreen.storyboard in Resources */ = {isa = PBXBuildFile; fileRef = 0F266D50207DC55900195DE5 /* LaunchScreen.storyboard */; };
		0F266D5D207DC55900195DE5 /* CSVReaderTests.swift in Sources */ = {isa = PBXBuildFile; fileRef = 0F266D5C207DC55900195DE5 /* CSVReaderTests.swift */; };
		0F266D68207DC55A00195DE5 /* CSVReaderUITests.swift in Sources */ = {isa = PBXBuildFile; fileRef = 0F266D67207DC55A00195DE5 /* CSVReaderUITests.swift */; };
		0F266D76207DC56200195DE5 /* Generic Foods-Table.txt in Resources */ = {isa = PBXBuildFile; fileRef = 0F266D75207DC56200195DE5 /* Generic Foods-Table.txt */; };
		0F266D78207DC57600195DE5 /* CSVReader.swift in Sources */ = {isa = PBXBuildFile; fileRef = 0F266D77207DC57600195DE5 /* CSVReader.swift */; };
		0F266D7A207DC58300195DE5 /* Ingredient.swift in Sources */ = {isa = PBXBuildFile; fileRef = 0F266D79207DC58300195DE5 /* Ingredient.swift */; };
/* End PBXBuildFile section */

/* Begin PBXContainerItemProxy section */
		0F266D59207DC55900195DE5 /* PBXContainerItemProxy */ = {
			isa = PBXContainerItemProxy;
			containerPortal = 0F266D3C207DC55800195DE5 /* Project object */;
			proxyType = 1;
			remoteGlobalIDString = 0F266D43207DC55800195DE5;
			remoteInfo = CSVReader;
		};
		0F266D64207DC55A00195DE5 /* PBXContainerItemProxy */ = {
			isa = PBXContainerItemProxy;
			containerPortal = 0F266D3C207DC55800195DE5 /* Project object */;
			proxyType = 1;
			remoteGlobalIDString = 0F266D43207DC55800195DE5;
			remoteInfo = CSVReader;
		};
/* End PBXContainerItemProxy section */

/* Begin PBXFileReference section */
		0F266D44207DC55800195DE5 /* CSVReader.app */ = {isa = PBXFileReference; explicitFileType = wrapper.application; includeInIndex = 0; path = CSVReader.app; sourceTree = BUILT_PRODUCTS_DIR; };
		0F266D47207DC55800195DE5 /* AppDelegate.swift */ = {isa = PBXFileReference; lastKnownFileType = sourcecode.swift; path = AppDelegate.swift; sourceTree = "<group>"; };
		0F266D49207DC55800195DE5 /* ViewController.swift */ = {isa = PBXFileReference; lastKnownFileType = sourcecode.swift; path = ViewController.swift; sourceTree = "<group>"; };
		0F266D4C207DC55800195DE5 /* Base */ = {isa = PBXFileReference; lastKnownFileType = file.storyboard; name = Base; path = Base.lproj/Main.storyboard; sourceTree = "<group>"; };
		0F266D4E207DC55900195DE5 /* Assets.xcassets */ = {isa = PBXFileReference; lastKnownFileType = folder.assetcatalog; path = Assets.xcassets; sourceTree = "<group>"; };
		0F266D51207DC55900195DE5 /* Base */ = {isa = PBXFileReference; lastKnownFileType = file.storyboard; name = Base; path = Base.lproj/LaunchScreen.storyboard; sourceTree = "<group>"; };
		0F266D53207DC55900195DE5 /* Info.plist */ = {isa = PBXFileReference; lastKnownFileType = text.plist.xml; path = Info.plist; sourceTree = "<group>"; };
		0F266D58207DC55900195DE5 /* CSVReaderTests.xctest */ = {isa = PBXFileReference; explicitFileType = wrapper.cfbundle; includeInIndex = 0; path = CSVReaderTests.xctest; sourceTree = BUILT_PRODUCTS_DIR; };
		0F266D5C207DC55900195DE5 /* CSVReaderTests.swift */ = {isa = PBXFileReference; lastKnownFileType = sourcecode.swift; path = CSVReaderTests.swift; sourceTree = "<group>"; };
		0F266D5E207DC55900195DE5 /* Info.plist */ = {isa = PBXFileReference; lastKnownFileType = text.plist.xml; path = Info.plist; sourceTree = "<group>"; };
		0F266D63207DC55A00195DE5 /* CSVReaderUITests.xctest */ = {isa = PBXFileReference; explicitFileType = wrapper.cfbundle; includeInIndex = 0; path = CSVReaderUITests.xctest; sourceTree = BUILT_PRODUCTS_DIR; };
		0F266D67207DC55A00195DE5 /* CSVReaderUITests.swift */ = {isa = PBXFileReference; lastKnownFileType = sourcecode.swift; path = CSVReaderUITests.swift; sourceTree = "<group>"; };
		0F266D69207DC55A00195DE5 /* Info.plist */ = {isa = PBXFileReference; lastKnownFileType = text.plist.xml; path = Info.plist; sourceTree = "<group>"; };
		0F266D75207DC56200195DE5 /* Generic Foods-Table.txt */ = {isa = PBXFileReference; fileEncoding = 4; lastKnownFileType = text; path = "Generic Foods-Table.txt"; sourceTree = "<group>"; };
		0F266D77207DC57600195DE5 /* CSVReader.swift */ = {isa = PBXFileReference; lastKnownFileType = sourcecode.swift; path = CSVReader.swift; sourceTree = "<group>"; };
		0F266D79207DC58300195DE5 /* Ingredient.swift */ = {isa = PBXFileReference; lastKnownFileType = sourcecode.swift; path = Ingredient.swift; sourceTree = "<group>"; };
/* End PBXFileReference section */

/* Begin PBXFrameworksBuildPhase section */
		0F266D41207DC55800195DE5 /* Frameworks */ = {
			isa = PBXFrameworksBuildPhase;
			buildActionMask = 2147483647;
			files = (
			);
			runOnlyForDeploymentPostprocessing = 0;
		};
		0F266D55207DC55900195DE5 /* Frameworks */ = {
			isa = PBXFrameworksBuildPhase;
			buildActionMask = 2147483647;
			files = (
			);
			runOnlyForDeploymentPostprocessing = 0;
		};
		0F266D60207DC55A00195DE5 /* Frameworks */ = {
			isa = PBXFrameworksBuildPhase;
			buildActionMask = 2147483647;
			files = (
			);
			runOnlyForDeploymentPostprocessing = 0;
		};
/* End PBXFrameworksBuildPhase section */

/* Begin PBXGroup section */
		0F266D3B207DC55800195DE5 = {
			isa = PBXGroup;
			children = (
				0F266D46207DC55800195DE5 /* CSVReader */,
				0F266D5B207DC55900195DE5 /* CSVReaderTests */,
				0F266D66207DC55A00195DE5 /* CSVReaderUITests */,
				0F266D45207DC55800195DE5 /* Products */,
			);
			sourceTree = "<group>";
		};
		0F266D45207DC55800195DE5 /* Products */ = {
			isa = PBXGroup;
			children = (
				0F266D44207DC55800195DE5 /* CSVReader.app */,
				0F266D58207DC55900195DE5 /* CSVReaderTests.xctest */,
				0F266D63207DC55A00195DE5 /* CSVReaderUITests.xctest */,
			);
			name = Products;
			sourceTree = "<group>";
		};
		0F266D46207DC55800195DE5 /* CSVReader */ = {
			isa = PBXGroup;
			children = (
				0F266D75207DC56200195DE5 /* Generic Foods-Table.txt */,
				0F266D47207DC55800195DE5 /* AppDelegate.swift */,
				0F266D49207DC55800195DE5 /* ViewController.swift */,
				0F266D77207DC57600195DE5 /* CSVReader.swift */,
				0F266D79207DC58300195DE5 /* Ingredient.swift */,
				0F266D4B207DC55800195DE5 /* Main.storyboard */,
				0F266D4E207DC55900195DE5 /* Assets.xcassets */,
				0F266D50207DC55900195DE5 /* LaunchScreen.storyboard */,
				0F266D53207DC55900195DE5 /* Info.plist */,
			);
			path = CSVReader;
			sourceTree = "<group>";
		};
		0F266D5B207DC55900195DE5 /* CSVReaderTests */ = {
			isa = PBXGroup;
			children = (
				0F266D5C207DC55900195DE5 /* CSVReaderTests.swift */,
				0F266D5E207DC55900195DE5 /* Info.plist */,
			);
			path = CSVReaderTests;
			sourceTree = "<group>";
		};
		0F266D66207DC55A00195DE5 /* CSVReaderUITests */ = {
			isa = PBXGroup;
			children = (
				0F266D67207DC55A00195DE5 /* CSVReaderUITests.swift */,
				0F266D69207DC55A00195DE5 /* Info.plist */,
			);
			path = CSVReaderUITests;
			sourceTree = "<group>";
		};
/* End PBXGroup section */

/* Begin PBXNativeTarget section */
		0F266D43207DC55800195DE5 /* CSVReader */ = {
			isa = PBXNativeTarget;
			buildConfigurationList = 0F266D6C207DC55A00195DE5 /* Build configuration list for PBXNativeTarget "CSVReader" */;
			buildPhases = (
				0F266D40207DC55800195DE5 /* Sources */,
				0F266D41207DC55800195DE5 /* Frameworks */,
				0F266D42207DC55800195DE5 /* Resources */,
			);
			buildRules = (
			);
			dependencies = (
			);
			name = CSVReader;
			productName = CSVReader;
			productReference = 0F266D44207DC55800195DE5 /* CSVReader.app */;
			productType = "com.apple.product-type.application";
		};
		0F266D57207DC55900195DE5 /* CSVReaderTests */ = {
			isa = PBXNativeTarget;
			buildConfigurationList = 0F266D6F207DC55A00195DE5 /* Build configuration list for PBXNativeTarget "CSVReaderTests" */;
			buildPhases = (
				0F266D54207DC55900195DE5 /* Sources */,
				0F266D55207DC55900195DE5 /* Frameworks */,
				0F266D56207DC55900195DE5 /* Resources */,
			);
			buildRules = (
			);
			dependencies = (
				0F266D5A207DC55900195DE5 /* PBXTargetDependency */,
			);
			name = CSVReaderTests;
			productName = CSVReaderTests;
			productReference = 0F266D58207DC55900195DE5 /* CSVReaderTests.xctest */;
			productType = "com.apple.product-type.bundle.unit-test";
		};
		0F266D62207DC55A00195DE5 /* CSVReaderUITests */ = {
			isa = PBXNativeTarget;
			buildConfigurationList = 0F266D72207DC55A00195DE5 /* Build configuration list for PBXNativeTarget "CSVReaderUITests" */;
			buildPhases = (
				0F266D5F207DC55A00195DE5 /* Sources */,
				0F266D60207DC55A00195DE5 /* Frameworks */,
				0F266D61207DC55A00195DE5 /* Resources */,
			);
			buildRules = (
			);
			dependencies = (
				0F266D65207DC55A00195DE5 /* PBXTargetDependency */,
			);
			name = CSVReaderUITests;
			productName = CSVReaderUITests;
			productReference = 0F266D63207DC55A00195DE5 /* CSVReaderUITests.xctest */;
			productType = "com.apple.product-type.bundle.ui-testing";
		};
/* End PBXNativeTarget section */

/* Begin PBXProject section */
		0F266D3C207DC55800195DE5 /* Project object */ = {
			isa = PBXProject;
			attributes = {
				LastSwiftUpdateCheck = 0930;
				LastUpgradeCheck = 0930;
				ORGANIZATIONNAME = "Marcel Hagmann";
				TargetAttributes = {
					0F266D43207DC55800195DE5 = {
						CreatedOnToolsVersion = 9.3;
					};
					0F266D57207DC55900195DE5 = {
						CreatedOnToolsVersion = 9.3;
						TestTargetID = 0F266D43207DC55800195DE5;
					};
					0F266D62207DC55A00195DE5 = {
						CreatedOnToolsVersion = 9.3;
						TestTargetID = 0F266D43207DC55800195DE5;
					};
				};
			};
			buildConfigurationList = 0F266D3F207DC55800195DE5 /* Build configuration list for PBXProject "CSVReader" */;
			compatibilityVersion = "Xcode 9.3";
			developmentRegion = en;
			hasScannedForEncodings = 0;
			knownRegions = (
				en,
				Base,
			);
			mainGroup = 0F266D3B207DC55800195DE5;
			productRefGroup = 0F266D45207DC55800195DE5 /* Products */;
			projectDirPath = "";
			projectRoot = "";
			targets = (
				0F266D43207DC55800195DE5 /* CSVReader */,
				0F266D57207DC55900195DE5 /* CSVReaderTests */,
				0F266D62207DC55A00195DE5 /* CSVReaderUITests */,
			);
		};
/* End PBXProject section */

/* Begin PBXResourcesBuildPhase section */
		0F266D42207DC55800195DE5 /* Resources */ = {
			isa = PBXResourcesBuildPhase;
			buildActionMask = 2147483647;
			files = (
				0F266D52207DC55900195DE5 /* LaunchScreen.storyboard in Resources */,
				0F266D4F207DC55900195DE5 /* Assets.xcassets in Resources */,
				0F266D76207DC56200195DE5 /* Generic Foods-Table.txt in Resources */,
				0F266D4D207DC55800195DE5 /* Main.storyboard in Resources */,
			);
			runOnlyForDeploymentPostprocessing = 0;
		};
		0F266D56207DC55900195DE5 /* Resources */ = {
			isa = PBXResourcesBuildPhase;
			buildActionMask = 2147483647;
			files = (
			);
			runOnlyForDeploymentPostprocessing = 0;
		};
		0F266D61207DC55A00195DE5 /* Resources */ = {
			isa = PBXResourcesBuildPhase;
			buildActionMask = 2147483647;
			files = (
			);
			runOnlyForDeploymentPostprocessing = 0;
		};
/* End PBXResourcesBuildPhase section */

/* Begin PBXSourcesBuildPhase section */
		0F266D40207DC55800195DE5 /* Sources */ = {
			isa = PBXSourcesBuildPhase;
			buildActionMask = 2147483647;
			files = (
				0F266D7A207DC58300195DE5 /* Ingredient.swift in Sources */,
				0F266D4A207DC55800195DE5 /* ViewController.swift in Sources */,
				0F266D48207DC55800195DE5 /* AppDelegate.swift in Sources */,
				0F266D78207DC57600195DE5 /* CSVReader.swift in Sources */,
			);
			runOnlyForDeploymentPostprocessing = 0;
		};
		0F266D54207DC55900195DE5 /* Sources */ = {
			isa = PBXSourcesBuildPhase;
			buildActionMask = 2147483647;
			files = (
				0F266D5D207DC55900195DE5 /* CSVReaderTests.swift in Sources */,
			);
			runOnlyForDeploymentPostprocessing = 0;
		};
		0F266D5F207DC55A00195DE5 /* Sources */ = {
			isa = PBXSourcesBuildPhase;
			buildActionMask = 2147483647;
			files = (
				0F266D68207DC55A00195DE5 /* CSVReaderUITests.swift in Sources */,
			);
			runOnlyForDeploymentPostprocessing = 0;
		};
/* End PBXSourcesBuildPhase section */

/* Begin PBXTargetDependency section */
		0F266D5A207DC55900195DE5 /* PBXTargetDependency */ = {
			isa = PBXTargetDependency;
			target = 0F266D43207DC55800195DE5 /* CSVReader */;
			targetProxy = 0F266D59207DC55900195DE5 /* PBXContainerItemProxy */;
		};
		0F266D65207DC55A00195DE5 /* PBXTargetDependency */ = {
			isa = PBXTargetDependency;
			target = 0F266D43207DC55800195DE5 /* CSVReader */;
			targetProxy = 0F266D64207DC55A00195DE5 /* PBXContainerItemProxy */;
		};
/* End PBXTargetDependency section */

/* Begin PBXVariantGroup section */
		0F266D4B207DC55800195DE5 /* Main.storyboard */ = {
			isa = PBXVariantGroup;
			children = (
				0F266D4C207DC55800195DE5 /* Base */,
			);
			name = Main.storyboard;
			sourceTree = "<group>";
		};
		0F266D50207DC55900195DE5 /* LaunchScreen.storyboard */ = {
			isa = PBXVariantGroup;
			children = (
				0F266D51207DC55900195DE5 /* Base */,
			);
			name = LaunchScreen.storyboard;
			sourceTree = "<group>";
		};
/* End PBXVariantGroup section */

/* Begin XCBuildConfiguration section */
		0F266D6A207DC55A00195DE5 /* Debug */ = {
			isa = XCBuildConfiguration;
			buildSettings = {
				ALWAYS_SEARCH_USER_PATHS = NO;
				CLANG_ANALYZER_NONNULL = YES;
				CLANG_ANALYZER_NUMBER_OBJECT_CONVERSION = YES_AGGRESSIVE;
				CLANG_CXX_LANGUAGE_STANDARD = "gnu++14";
				CLANG_CXX_LIBRARY = "libc++";
				CLANG_ENABLE_MODULES = YES;
				CLANG_ENABLE_OBJC_ARC = YES;
				CLANG_ENABLE_OBJC_WEAK = YES;
				CLANG_WARN_BLOCK_CAPTURE_AUTORELEASING = YES;
				CLANG_WARN_BOOL_CONVERSION = YES;
				CLANG_WARN_COMMA = YES;
				CLANG_WARN_CONSTANT_CONVERSION = YES;
				CLANG_WARN_DEPRECATED_OBJC_IMPLEMENTATIONS = YES;
				CLANG_WARN_DIRECT_OBJC_ISA_USAGE = YES_ERROR;
				CLANG_WARN_DOCUMENTATION_COMMENTS = YES;
				CLANG_WARN_EMPTY_BODY = YES;
				CLANG_WARN_ENUM_CONVERSION = YES;
				CLANG_WARN_INFINITE_RECURSION = YES;
				CLANG_WARN_INT_CONVERSION = YES;
				CLANG_WARN_NON_LITERAL_NULL_CONVERSION = YES;
				CLANG_WARN_OBJC_IMPLICIT_RETAIN_SELF = YES;
				CLANG_WARN_OBJC_LITERAL_CONVERSION = YES;
				CLANG_WARN_OBJC_ROOT_CLASS = YES_ERROR;
				CLANG_WARN_RANGE_LOOP_ANALYSIS = YES;
				CLANG_WARN_STRICT_PROTOTYPES = YES;
				CLANG_WARN_SUSPICIOUS_MOVE = YES;
				CLANG_WARN_UNGUARDED_AVAILABILITY = YES_AGGRESSIVE;
				CLANG_WARN_UNREACHABLE_CODE = YES;
				CLANG_WARN__DUPLICATE_METHOD_MATCH = YES;
				CODE_SIGN_IDENTITY = "iPhone Developer";
				COPY_PHASE_STRIP = NO;
				DEBUG_INFORMATION_FORMAT = dwarf;
				ENABLE_STRICT_OBJC_MSGSEND = YES;
				ENABLE_TESTABILITY = YES;
				GCC_C_LANGUAGE_STANDARD = gnu11;
				GCC_DYNAMIC_NO_PIC = NO;
				GCC_NO_COMMON_BLOCKS = YES;
				GCC_OPTIMIZATION_LEVEL = 0;
				GCC_PREPROCESSOR_DEFINITIONS = (
					"DEBUG=1",
					"$(inherited)",
				);
				GCC_WARN_64_TO_32_BIT_CONVERSION = YES;
				GCC_WARN_ABOUT_RETURN_TYPE = YES_ERROR;
				GCC_WARN_UNDECLARED_SELECTOR = YES;
				GCC_WARN_UNINITIALIZED_AUTOS = YES_AGGRESSIVE;
				GCC_WARN_UNUSED_FUNCTION = YES;
				GCC_WARN_UNUSED_VARIABLE = YES;
				IPHONEOS_DEPLOYMENT_TARGET = 11.3;
				MTL_ENABLE_DEBUG_INFO = YES;
				ONLY_ACTIVE_ARCH = YES;
				SDKROOT = iphoneos;
				SWIFT_ACTIVE_COMPILATION_CONDITIONS = DEBUG;
				SWIFT_OPTIMIZATION_LEVEL = "-Onone";
			};
			name = Debug;
		};
		0F266D6B207DC55A00195DE5 /* Release */ = {
			isa = XCBuildConfiguration;
			buildSettings = {
				ALWAYS_SEARCH_USER_PATHS = NO;
				CLANG_ANALYZER_NONNULL = YES;
				CLANG_ANALYZER_NUMBER_OBJECT_CONVERSION = YES_AGGRESSIVE;
				CLANG_CXX_LANGUAGE_STANDARD = "gnu++14";
				CLANG_CXX_LIBRARY = "libc++";
				CLANG_ENABLE_MODULES = YES;
				CLANG_ENABLE_OBJC_ARC = YES;
				CLANG_ENABLE_OBJC_WEAK = YES;
				CLANG_WARN_BLOCK_CAPTURE_AUTORELEASING = YES;
				CLANG_WARN_BOOL_CONVERSION = YES;
				CLANG_WARN_COMMA = YES;
				CLANG_WARN_CONSTANT_CONVERSION = YES;
				CLANG_WARN_DEPRECATED_OBJC_IMPLEMENTATIONS = YES;
				CLANG_WARN_DIRECT_OBJC_ISA_USAGE = YES_ERROR;
				CLANG_WARN_DOCUMENTATION_COMMENTS = YES;
				CLANG_WARN_EMPTY_BODY = YES;
				CLANG_WARN_ENUM_CONVERSION = YES;
				CLANG_WARN_INFINITE_RECURSION = YES;
				CLANG_WARN_INT_CONVERSION = YES;
				CLANG_WARN_NON_LITERAL_NULL_CONVERSION = YES;
				CLANG_WARN_OBJC_IMPLICIT_RETAIN_SELF = YES;
				CLANG_WARN_OBJC_LITERAL_CONVERSION = YES;
				CLANG_WARN_OBJC_ROOT_CLASS = YES_ERROR;
				CLANG_WARN_RANGE_LOOP_ANALYSIS = YES;
				CLANG_WARN_STRICT_PROTOTYPES = YES;
				CLANG_WARN_SUSPICIOUS_MOVE = YES;
				CLANG_WARN_UNGUARDED_AVAILABILITY = YES_AGGRESSIVE;
				CLANG_WARN_UNREACHABLE_CODE = YES;
				CLANG_WARN__DUPLICATE_METHOD_MATCH = YES;
				CODE_SIGN_IDENTITY = "iPhone Developer";
				COPY_PHASE_STRIP = NO;
				DEBUG_INFORMATION_FORMAT = "dwarf-with-dsym";
				ENABLE_NS_ASSERTIONS = NO;
				ENABLE_STRICT_OBJC_MSGSEND = YES;
				GCC_C_LANGUAGE_STANDARD = gnu11;
				GCC_NO_COMMON_BLOCKS = YES;
				GCC_WARN_64_TO_32_BIT_CONVERSION = YES;
				GCC_WARN_ABOUT_RETURN_TYPE = YES_ERROR;
				GCC_WARN_UNDECLARED_SELECTOR = YES;
				GCC_WARN_UNINITIALIZED_AUTOS = YES_AGGRESSIVE;
				GCC_WARN_UNUSED_FUNCTION = YES;
				GCC_WARN_UNUSED_VARIABLE = YES;
				IPHONEOS_DEPLOYMENT_TARGET = 11.3;
				MTL_ENABLE_DEBUG_INFO = NO;
				SDKROOT = iphoneos;
				SWIFT_COMPILATION_MODE = wholemodule;
				SWIFT_OPTIMIZATION_LEVEL = "-O";
				VALIDATE_PRODUCT = YES;
			};
			name = Release;
		};
		0F266D6D207DC55A00195DE5 /* Debug */ = {
			isa = XCBuildConfiguration;
			buildSettings = {
				ASSETCATALOG_COMPILER_APPICON_NAME = AppIcon;
				CODE_SIGN_STYLE = Automatic;
				DEVELOPMENT_TEAM = 5DB3XUQ936;
				INFOPLIST_FILE = CSVReader/Info.plist;
				LD_RUNPATH_SEARCH_PATHS = (
					"$(inherited)",
					"@executable_path/Frameworks",
				);
				PRODUCT_BUNDLE_IDENTIFIER = com.mh.CSVReader;
				PRODUCT_NAME = "$(TARGET_NAME)";
				SWIFT_VERSION = 4.0;
				TARGETED_DEVICE_FAMILY = "1,2";
			};
			name = Debug;
		};
		0F266D6E207DC55A00195DE5 /* Release */ = {
			isa = XCBuildConfiguration;
			buildSettings = {
				ASSETCATALOG_COMPILER_APPICON_NAME = AppIcon;
				CODE_SIGN_STYLE = Automatic;
				DEVELOPMENT_TEAM = 5DB3XUQ936;
				INFOPLIST_FILE = CSVReader/Info.plist;
				LD_RUNPATH_SEARCH_PATHS = (
					"$(inherited)",
					"@executable_path/Frameworks",
				);
				PRODUCT_BUNDLE_IDENTIFIER = com.mh.CSVReader;
				PRODUCT_NAME = "$(TARGET_NAME)";
				SWIFT_VERSION = 4.0;
				TARGETED_DEVICE_FAMILY = "1,2";
			};
			name = Release;
		};
		0F266D70207DC55A00195DE5 /* Debug */ = {
			isa = XCBuildConfiguration;
			buildSettings = {
				ALWAYS_EMBED_SWIFT_STANDARD_LIBRARIES = YES;
				BUNDLE_LOADER = "$(TEST_HOST)";
				CODE_SIGN_STYLE = Automatic;
				DEVELOPMENT_TEAM = 5DB3XUQ936;
				INFOPLIST_FILE = CSVReaderTests/Info.plist;
				LD_RUNPATH_SEARCH_PATHS = (
					"$(inherited)",
					"@executable_path/Frameworks",
					"@loader_path/Frameworks",
				);
				PRODUCT_BUNDLE_IDENTIFIER = com.mh.CSVReaderTests;
				PRODUCT_NAME = "$(TARGET_NAME)";
				SWIFT_VERSION = 4.0;
				TARGETED_DEVICE_FAMILY = "1,2";
				TEST_HOST = "$(BUILT_PRODUCTS_DIR)/CSVReader.app/CSVReader";
			};
			name = Debug;
		};
		0F266D71207DC55A00195DE5 /* Release */ = {
			isa = XCBuildConfiguration;
			buildSettings = {
				ALWAYS_EMBED_SWIFT_STANDARD_LIBRARIES = YES;
				BUNDLE_LOADER = "$(TEST_HOST)";
				CODE_SIGN_STYLE = Automatic;
				DEVELOPMENT_TEAM = 5DB3XUQ936;
				INFOPLIST_FILE = CSVReaderTests/Info.plist;
				LD_RUNPATH_SEARCH_PATHS = (
					"$(inherited)",
					"@executable_path/Frameworks",
					"@loader_path/Frameworks",
				);
				PRODUCT_BUNDLE_IDENTIFIER = com.mh.CSVReaderTests;
				PRODUCT_NAME = "$(TARGET_NAME)";
				SWIFT_VERSION = 4.0;
				TARGETED_DEVICE_FAMILY = "1,2";
				TEST_HOST = "$(BUILT_PRODUCTS_DIR)/CSVReader.app/CSVReader";
			};
			name = Release;
		};
		0F266D73207DC55A00195DE5 /* Debug */ = {
			isa = XCBuildConfiguration;
			buildSettings = {
				ALWAYS_EMBED_SWIFT_STANDARD_LIBRARIES = YES;
				CODE_SIGN_STYLE = Automatic;
				DEVELOPMENT_TEAM = 5DB3XUQ936;
				INFOPLIST_FILE = CSVReaderUITests/Info.plist;
				LD_RUNPATH_SEARCH_PATHS = (
					"$(inherited)",
					"@executable_path/Frameworks",
					"@loader_path/Frameworks",
				);
				PRODUCT_BUNDLE_IDENTIFIER = com.mh.CSVReaderUITests;
				PRODUCT_NAME = "$(TARGET_NAME)";
				SWIFT_VERSION = 4.0;
				TARGETED_DEVICE_FAMILY = "1,2";
				TEST_TARGET_NAME = CSVReader;
			};
			name = Debug;
		};
		0F266D74207DC55A00195DE5 /* Release */ = {
			isa = XCBuildConfiguration;
			buildSettings = {
				ALWAYS_EMBED_SWIFT_STANDARD_LIBRARIES = YES;
				CODE_SIGN_STYLE = Automatic;
				DEVELOPMENT_TEAM = 5DB3XUQ936;
				INFOPLIST_FILE = CSVReaderUITests/Info.plist;
				LD_RUNPATH_SEARCH_PATHS = (
					"$(inherited)",
					"@executable_path/Frameworks",
					"@loader_path/Frameworks",
				);
				PRODUCT_BUNDLE_IDENTIFIER = com.mh.CSVReaderUITests;
				PRODUCT_NAME = "$(TARGET_NAME)";
				SWIFT_VERSION = 4.0;
				TARGETED_DEVICE_FAMILY = "1,2";
				TEST_TARGET_NAME = CSVReader;
			};
			name = Release;
		};
/* End XCBuildConfiguration section */

/* Begin XCConfigurationList section */
		0F266D3F207DC55800195DE5 /* Build configuration list for PBXProject "CSVReader" */ = {
			isa = XCConfigurationList;
			buildConfigurations = (
				0F266D6A207DC55A00195DE5 /* Debug */,
				0F266D6B207DC55A00195DE5 /* Release */,
			);
			defaultConfigurationIsVisible = 0;
			defaultConfigurationName = Release;
		};
		0F266D6C207DC55A00195DE5 /* Build configuration list for PBXNativeTarget "CSVReader" */ = {
			isa = XCConfigurationList;
			buildConfigurations = (
				0F266D6D207DC55A00195DE5 /* Debug */,
				0F266D6E207DC55A00195DE5 /* Release */,
			);
			defaultConfigurationIsVisible = 0;
			defaultConfigurationName = Release;
		};
		0F266D6F207DC55A00195DE5 /* Build configuration list for PBXNativeTarget "CSVReaderTests" */ = {
			isa = XCConfigurationList;
			buildConfigurations = (
				0F266D70207DC55A00195DE5 /* Debug */,
				0F266D71207DC55A00195DE5 /* Release */,
			);
			defaultConfigurationIsVisible = 0;
			defaultConfigurationName = Release;
		};
		0F266D72207DC55A00195DE5 /* Build configuration list for PBXNativeTarget "CSVReaderUITests" */ = {
			isa = XCConfigurationList;
			buildConfigurations = (
				0F266D73207DC55A00195DE5 /* Debug */,
				0F266D74207DC55A00195DE5 /* Release */,
			);
			defaultConfigurationIsVisible = 0;
			defaultConfigurationName = Release;
		};
/* End XCConfigurationList section */
	};
	rootObject = 0F266D3C207DC55800195DE5 /* Project object */;
}
